
Microsoft Visual Studio Solution File, Format Version 12.00
# Visual Studio Version 16
VisualStudioVersion = 16.0.29215.179
MinimumVisualStudioVersion = 10.0.40219.1
Project("{FAE04EC0-301F-11D3-BF4B-00C04F79EFBC}") = "PorgramacionAplicada", "PorgramacionAplicada\PorgramacionAplicada.csproj", "{2DF2C0F8-2169-4D23-B549-90F1971D6E2A}"
EndProject
Global
	GlobalSection(SolutionConfigurationPlatforms) = preSolution
		Debug|Any CPU = Debug|Any CPU
		Release|Any CPU = Release|Any CPU
	EndGlobalSection
	GlobalSection(ProjectConfigurationPlatforms) = postSolution
		{2DF2C0F8-2169-4D23-B549-90F1971D6E2A}.Debug|Any CPU.ActiveCfg = Debug|Any CPU
		{2DF2C0F8-2169-4D23-B549-90F1971D6E2A}.Debug|Any CPU.Build.0 = Debug|Any CPU
		{2DF2C0F8-2169-4D23-B549-90F1971D6E2A}.Release|Any CPU.ActiveCfg = Release|Any CPU
		{2DF2C0F8-2169-4D23-B549-90F1971D6E2A}.Release|Any CPU.Build.0 = Release|Any CPU
	EndGlobalSection
	GlobalSection(SolutionProperties) = preSolution
		HideSolutionNode = FALSE
	EndGlobalSection
	GlobalSection(ExtensibilityGlobals) = postSolution
		SolutionGuid = {69E15933-7EEC-488A-87BC-14E865449B58}
	EndGlobalSection
EndGlobal
